// !$*UTF8*$!
{
	archiveVersion = 1;
	classes = {
	};
	objectVersion = 55;
	objects = {

/* Begin PBXBuildFile section */
		EE3A2B7B27E3D3BF00F538BE /* Friendface.xcdatamodeld in Sources */ = {isa = PBXBuildFile; fileRef = EE3A2B7927E3D3BF00F538BE /* Friendface.xcdatamodeld */; };
		EE3A2B8D27E3E01F00F538BE /* DataController.swift in Sources */ = {isa = PBXBuildFile; fileRef = EE3A2B8C27E3E01F00F538BE /* DataController.swift */; };
		EE3A2B9A27E3F8A900F538BE /* CachedFriend+CoreDataClass.swift in Sources */ = {isa = PBXBuildFile; fileRef = EE3A2B9627E3F8A900F538BE /* CachedFriend+CoreDataClass.swift */; };
		EE3A2B9B27E3F8A900F538BE /* CachedFriend+CoreDataProperties.swift in Sources */ = {isa = PBXBuildFile; fileRef = EE3A2B9727E3F8A900F538BE /* CachedFriend+CoreDataProperties.swift */; };
		EE3A2B9C27E3F8A900F538BE /* CachedUser+CoreDataClass.swift in Sources */ = {isa = PBXBuildFile; fileRef = EE3A2B9827E3F8A900F538BE /* CachedUser+CoreDataClass.swift */; };
		EE3A2B9D27E3F8A900F538BE /* CachedUser+CoreDataProperties.swift in Sources */ = {isa = PBXBuildFile; fileRef = EE3A2B9927E3F8A900F538BE /* CachedUser+CoreDataProperties.swift */; };
		EEB6252B27E2CEC800534720 /* FriendfaceApp.swift in Sources */ = {isa = PBXBuildFile; fileRef = EEB6252A27E2CEC800534720 /* FriendfaceApp.swift */; };
		EEB6252D27E2CEC800534720 /* ContentView.swift in Sources */ = {isa = PBXBuildFile; fileRef = EEB6252C27E2CEC800534720 /* ContentView.swift */; };
		EEB6252F27E2CECB00534720 /* Assets.xcassets in Resources */ = {isa = PBXBuildFile; fileRef = EEB6252E27E2CECB00534720 /* Assets.xcassets */; };
		EEB6253227E2CECB00534720 /* Preview Assets.xcassets in Resources */ = {isa = PBXBuildFile; fileRef = EEB6253127E2CECB00534720 /* Preview Assets.xcassets */; };
		EEB6253927E2CEF300534720 /* User.swift in Sources */ = {isa = PBXBuildFile; fileRef = EEB6253827E2CEF300534720 /* User.swift */; };
		EEB6253B27E2CF8C00534720 /* Friend.swift in Sources */ = {isa = PBXBuildFile; fileRef = EEB6253A27E2CF8C00534720 /* Friend.swift */; };
		EEB6253D27E2DC1800534720 /* DetailedView.swift in Sources */ = {isa = PBXBuildFile; fileRef = EEB6253C27E2DC1800534720 /* DetailedView.swift */; };
/* End PBXBuildFile section */

/* Begin PBXFileReference section */
		EE3A2B7A27E3D3BF00F538BE /* Friendface.xcdatamodel */ = {isa = PBXFileReference; lastKnownFileType = wrapper.xcdatamodel; path = Friendface.xcdatamodel; sourceTree = "<group>"; };
		EE3A2B8C27E3E01F00F538BE /* DataController.swift */ = {isa = PBXFileReference; lastKnownFileType = sourcecode.swift; path = DataController.swift; sourceTree = "<group>"; };
		EE3A2B9627E3F8A900F538BE /* CachedFriend+CoreDataClass.swift */ = {isa = PBXFileReference; lastKnownFileType = sourcecode.swift; path = "CachedFriend+CoreDataClass.swift"; sourceTree = "<group>"; };
		EE3A2B9727E3F8A900F538BE /* CachedFriend+CoreDataProperties.swift */ = {isa = PBXFileReference; lastKnownFileType = sourcecode.swift; path = "CachedFriend+CoreDataProperties.swift"; sourceTree = "<group>"; };
		EE3A2B9827E3F8A900F538BE /* CachedUser+CoreDataClass.swift */ = {isa = PBXFileReference; lastKnownFileType = sourcecode.swift; path = "CachedUser+CoreDataClass.swift"; sourceTree = "<group>"; };
		EE3A2B9927E3F8A900F538BE /* CachedUser+CoreDataProperties.swift */ = {isa = PBXFileReference; lastKnownFileType = sourcecode.swift; path = "CachedUser+CoreDataProperties.swift"; sourceTree = "<group>"; };
		EEB6252727E2CEC800534720 /* Friendface.app */ = {isa = PBXFileReference; explicitFileType = wrapper.application; includeInIndex = 0; path = Friendface.app; sourceTree = BUILT_PRODUCTS_DIR; };
		EEB6252A27E2CEC800534720 /* FriendfaceApp.swift */ = {isa = PBXFileReference; lastKnownFileType = sourcecode.swift; path = FriendfaceApp.swift; sourceTree = "<group>"; };
		EEB6252C27E2CEC800534720 /* ContentView.swift */ = {isa = PBXFileReference; lastKnownFileType = sourcecode.swift; path = ContentView.swift; sourceTree = "<group>"; };
		EEB6252E27E2CECB00534720 /* Assets.xcassets */ = {isa = PBXFileReference; lastKnownFileType = folder.assetcatalog; path = Assets.xcassets; sourceTree = "<group>"; };
		EEB6253127E2CECB00534720 /* Preview Assets.xcassets */ = {isa = PBXFileReference; lastKnownFileType = folder.assetcatalog; path = "Preview Assets.xcassets"; sourceTree = "<group>"; };
		EEB6253827E2CEF300534720 /* User.swift */ = {isa = PBXFileReference; lastKnownFileType = sourcecode.swift; path = User.swift; sourceTree = "<group>"; };
		EEB6253A27E2CF8C00534720 /* Friend.swift */ = {isa = PBXFileReference; lastKnownFileType = sourcecode.swift; path = Friend.swift; sourceTree = "<group>"; };
		EEB6253C27E2DC1800534720 /* DetailedView.swift */ = {isa = PBXFileReference; lastKnownFileType = sourcecode.swift; path = DetailedView.swift; sourceTree = "<group>"; };
/* End PBXFileReference section */

/* Begin PBXFrameworksBuildPhase section */
		EEB6252427E2CEC800534720 /* Frameworks */ = {
			isa = PBXFrameworksBuildPhase;
			buildActionMask = 2147483647;
			files = (
			);
			runOnlyForDeploymentPostprocessing = 0;
		};
/* End PBXFrameworksBuildPhase section */

/* Begin PBXGroup section */
		EEB6251E27E2CEC800534720 = {
			isa = PBXGroup;
			children = (
				EEB6252927E2CEC800534720 /* Friendface */,
				EEB6252827E2CEC800534720 /* Products */,
			);
			sourceTree = "<group>";
		};
		EEB6252827E2CEC800534720 /* Products */ = {
			isa = PBXGroup;
			children = (
				EEB6252727E2CEC800534720 /* Friendface.app */,
			);
			name = Products;
			sourceTree = "<group>";
		};
		EEB6252927E2CEC800534720 /* Friendface */ = {
			isa = PBXGroup;
			children = (
				EE3A2B9627E3F8A900F538BE /* CachedFriend+CoreDataClass.swift */,
				EE3A2B9727E3F8A900F538BE /* CachedFriend+CoreDataProperties.swift */,
				EE3A2B9827E3F8A900F538BE /* CachedUser+CoreDataClass.swift */,
				EE3A2B9927E3F8A900F538BE /* CachedUser+CoreDataProperties.swift */,
				EE3A2B7927E3D3BF00F538BE /* Friendface.xcdatamodeld */,
				EE3A2B8C27E3E01F00F538BE /* DataController.swift */,
				EEB6252A27E2CEC800534720 /* FriendfaceApp.swift */,
				EEB6252C27E2CEC800534720 /* ContentView.swift */,
				EEB6253C27E2DC1800534720 /* DetailedView.swift */,
				EEB6253827E2CEF300534720 /* User.swift */,
				EEB6253A27E2CF8C00534720 /* Friend.swift */,
				EEB6252E27E2CECB00534720 /* Assets.xcassets */,
				EEB6253027E2CECB00534720 /* Preview Content */,
			);
			path = Friendface;
			sourceTree = "<group>";
		};
		EEB6253027E2CECB00534720 /* Preview Content */ = {
			isa = PBXGroup;
			children = (
				EEB6253127E2CECB00534720 /* Preview Assets.xcassets */,
			);
			path = "Preview Content";
			sourceTree = "<group>";
		};
/* End PBXGroup section */

/* Begin PBXNativeTarget section */
		EEB6252627E2CEC800534720 /* Friendface */ = {
			isa = PBXNativeTarget;
			buildConfigurationList = EEB6253527E2CECB00534720 /* Build configuration list for PBXNativeTarget "Friendface" */;
			buildPhases = (
				EEB6252327E2CEC800534720 /* Sources */,
				EEB6252427E2CEC800534720 /* Frameworks */,
				EEB6252527E2CEC800534720 /* Resources */,
			);
			buildRules = (
			);
			dependencies = (
			);
			name = Friendface;
			productName = Friendface;
			productReference = EEB6252727E2CEC800534720 /* Friendface.app */;
			productType = "com.apple.product-type.application";
		};
/* End PBXNativeTarget section */

/* Begin PBXProject section */
		EEB6251F27E2CEC800534720 /* Project object */ = {
			isa = PBXProject;
			attributes = {
				BuildIndependentTargetsInParallel = 1;
				LastSwiftUpdateCheck = 1330;
				LastUpgradeCheck = 1330;
				TargetAttributes = {
					EEB6252627E2CEC800534720 = {
						CreatedOnToolsVersion = 13.3;
					};
				};
			};
			buildConfigurationList = EEB6252227E2CEC800534720 /* Build configuration list for PBXProject "Friendface" */;
			compatibilityVersion = "Xcode 13.0";
			developmentRegion = en;
			hasScannedForEncodings = 0;
			knownRegions = (
				en,
				Base,
			);
			mainGroup = EEB6251E27E2CEC800534720;
			productRefGroup = EEB6252827E2CEC800534720 /* Products */;
			projectDirPath = "";
			projectRoot = "";
			targets = (
				EEB6252627E2CEC800534720 /* Friendface */,
			);
		};
/* End PBXProject section */

/* Begin PBXResourcesBuildPhase section */
		EEB6252527E2CEC800534720 /* Resources */ = {
			isa = PBXResourcesBuildPhase;
			buildActionMask = 2147483647;
			files = (
				EEB6253227E2CECB00534720 /* Preview Assets.xcassets in Resources */,
				EEB6252F27E2CECB00534720 /* Assets.xcassets in Resources */,
			);
			runOnlyForDeploymentPostprocessing = 0;
		};
/* End PBXResourcesBuildPhase section */

/* Begin PBXSourcesBuildPhase section */
		EEB6252327E2CEC800534720 /* Sources */ = {
			isa = PBXSourcesBuildPhase;
			buildActionMask = 2147483647;
			files = (
				EE3A2B7B27E3D3BF00F538BE /* Friendface.xcdatamodeld in Sources */,
				EE3A2B9B27E3F8A900F538BE /* CachedFriend+CoreDataProperties.swift in Sources */,
				EE3A2B9D27E3F8A900F538BE /* CachedUser+CoreDataProperties.swift in Sources */,
				EEB6252D27E2CEC800534720 /* ContentView.swift in Sources */,
				EE3A2B8D27E3E01F00F538BE /* DataController.swift in Sources */,
				EEB6252B27E2CEC800534720 /* FriendfaceApp.swift in Sources */,
				EEB6253D27E2DC1800534720 /* DetailedView.swift in Sources */,
				EE3A2B9C27E3F8A900F538BE /* CachedUser+CoreDataClass.swift in Sources */,
				EEB6253927E2CEF300534720 /* User.swift in Sources */,
				EE3A2B9A27E3F8A900F538BE /* CachedFriend+CoreDataClass.swift in Sources */,
				EEB6253B27E2CF8C00534720 /* Friend.swift in Sources */,
			);
			runOnlyForDeploymentPostprocessing = 0;
		};
/* End PBXSourcesBuildPhase section */

/* Begin XCBuildConfiguration section */
		EEB6253327E2CECB00534720 /* Debug */ = {
			isa = XCBuildConfiguration;
			buildSettings = {
				ALWAYS_SEARCH_USER_PATHS = NO;
				CLANG_ANALYZER_NONNULL = YES;
				CLANG_ANALYZER_NUMBER_OBJECT_CONVERSION = YES_AGGRESSIVE;
				CLANG_CXX_LANGUAGE_STANDARD = "gnu++17";
				CLANG_ENABLE_MODULES = YES;
				CLANG_ENABLE_OBJC_ARC = YES;
				CLANG_ENABLE_OBJC_WEAK = YES;
				CLANG_WARN_BLOCK_CAPTURE_AUTORELEASING = YES;
				CLANG_WARN_BOOL_CONVERSION = YES;
				CLANG_WARN_COMMA = YES;
				CLANG_WARN_CONSTANT_CONVERSION = YES;
				CLANG_WARN_DEPRECATED_OBJC_IMPLEMENTATIONS = YES;
				CLANG_WARN_DIRECT_OBJC_ISA_USAGE = YES_ERROR;
				CLANG_WARN_DOCUMENTATION_COMMENTS = YES;
				CLANG_WARN_EMPTY_BODY = YES;
				CLANG_WARN_ENUM_CONVERSION = YES;
				CLANG_WARN_INFINITE_RECURSION = YES;
				CLANG_WARN_INT_CONVERSION = YES;
				CLANG_WARN_NON_LITERAL_NULL_CONVERSION = YES;
				CLANG_WARN_OBJC_IMPLICIT_RETAIN_SELF = YES;
				CLANG_WARN_OBJC_LITERAL_CONVERSION = YES;
				CLANG_WARN_OBJC_ROOT_CLASS = YES_ERROR;
				CLANG_WARN_QUOTED_INCLUDE_IN_FRAMEWORK_HEADER = YES;
				CLANG_WARN_RANGE_LOOP_ANALYSIS = YES;
				CLANG_WARN_STRICT_PROTOTYPES = YES;
				CLANG_WARN_SUSPICIOUS_MOVE = YES;
				CLANG_WARN_UNGUARDED_AVAILABILITY = YES_AGGRESSIVE;
				CLANG_WARN_UNREACHABLE_CODE = YES;
				CLANG_WARN__DUPLICATE_METHOD_MATCH = YES;
				COPY_PHASE_STRIP = NO;
				DEBUG_INFORMATION_FORMAT = dwarf;
				ENABLE_STRICT_OBJC_MSGSEND = YES;
				ENABLE_TESTABILITY = YES;
				GCC_C_LANGUAGE_STANDARD = gnu11;
				GCC_DYNAMIC_NO_PIC = NO;
				GCC_NO_COMMON_BLOCKS = YES;
				GCC_OPTIMIZATION_LEVEL = 0;
				GCC_PREPROCESSOR_DEFINITIONS = (
					"DEBUG=1",
					"$(inherited)",
				);
				GCC_WARN_64_TO_32_BIT_CONVERSION = YES;
				GCC_WARN_ABOUT_RETURN_TYPE = YES_ERROR;
				GCC_WARN_UNDECLARED_SELECTOR = YES;
				GCC_WARN_UNINITIALIZED_AUTOS = YES_AGGRESSIVE;
				GCC_WARN_UNUSED_FUNCTION = YES;
				GCC_WARN_UNUSED_VARIABLE = YES;
				IPHONEOS_DEPLOYMENT_TARGET = 15.4;
				MTL_ENABLE_DEBUG_INFO = INCLUDE_SOURCE;
				MTL_FAST_MATH = YES;
				ONLY_ACTIVE_ARCH = YES;
				SDKROOT = iphoneos;
				SWIFT_ACTIVE_COMPILATION_CONDITIONS = DEBUG;
				SWIFT_OPTIMIZATION_LEVEL = "-Onone";
			};
			name = Debug;
		};
		EEB6253427E2CECB00534720 /* Release */ = {
			isa = XCBuildConfiguration;
			buildSettings = {
				ALWAYS_SEARCH_USER_PATHS = NO;
				CLANG_ANALYZER_NONNULL = YES;
				CLANG_ANALYZER_NUMBER_OBJECT_CONVERSION = YES_AGGRESSIVE;
				CLANG_CXX_LANGUAGE_STANDARD = "gnu++17";
				CLANG_ENABLE_MODULES = YES;
				CLANG_ENABLE_OBJC_ARC = YES;
				CLANG_ENABLE_OBJC_WEAK = YES;
				CLANG_WARN_BLOCK_CAPTURE_AUTORELEASING = YES;
				CLANG_WARN_BOOL_CONVERSION = YES;
				CLANG_WARN_COMMA = YES;
				CLANG_WARN_CONSTANT_CONVERSION = YES;
				CLANG_WARN_DEPRECATED_OBJC_IMPLEMENTATIONS = YES;
				CLANG_WARN_DIRECT_OBJC_ISA_USAGE = YES_ERROR;
				CLANG_WARN_DOCUMENTATION_COMMENTS = YES;
				CLANG_WARN_EMPTY_BODY = YES;
				CLANG_WARN_ENUM_CONVERSION = YES;
				CLANG_WARN_INFINITE_RECURSION = YES;
				CLANG_WARN_INT_CONVERSION = YES;
				CLANG_WARN_NON_LITERAL_NULL_CONVERSION = YES;
				CLANG_WARN_OBJC_IMPLICIT_RETAIN_SELF = YES;
				CLANG_WARN_OBJC_LITERAL_CONVERSION = YES;
				CLANG_WARN_OBJC_ROOT_CLASS = YES_ERROR;
				CLANG_WARN_QUOTED_INCLUDE_IN_FRAMEWORK_HEADER = YES;
				CLANG_WARN_RANGE_LOOP_ANALYSIS = YES;
				CLANG_WARN_STRICT_PROTOTYPES = YES;
				CLANG_WARN_SUSPICIOUS_MOVE = YES;
				CLANG_WARN_UNGUARDED_AVAILABILITY = YES_AGGRESSIVE;
				CLANG_WARN_UNREACHABLE_CODE = YES;
				CLANG_WARN__DUPLICATE_METHOD_MATCH = YES;
				COPY_PHASE_STRIP = NO;
				DEBUG_INFORMATION_FORMAT = "dwarf-with-dsym";
				ENABLE_NS_ASSERTIONS = NO;
				ENABLE_STRICT_OBJC_MSGSEND = YES;
				GCC_C_LANGUAGE_STANDARD = gnu11;
				GCC_NO_COMMON_BLOCKS = YES;
				GCC_WARN_64_TO_32_BIT_CONVERSION = YES;
				GCC_WARN_ABOUT_RETURN_TYPE = YES_ERROR;
				GCC_WARN_UNDECLARED_SELECTOR = YES;
				GCC_WARN_UNINITIALIZED_AUTOS = YES_AGGRESSIVE;
				GCC_WARN_UNUSED_FUNCTION = YES;
				GCC_WARN_UNUSED_VARIABLE = YES;
				IPHONEOS_DEPLOYMENT_TARGET = 15.4;
				MTL_ENABLE_DEBUG_INFO = NO;
				MTL_FAST_MATH = YES;
				SDKROOT = iphoneos;
				SWIFT_COMPILATION_MODE = wholemodule;
				SWIFT_OPTIMIZATION_LEVEL = "-O";
				VALIDATE_PRODUCT = YES;
			};
			name = Release;
		};
		EEB6253627E2CECB00534720 /* Debug */ = {
			isa = XCBuildConfiguration;
			buildSettings = {
				ASSETCATALOG_COMPILER_APPICON_NAME = AppIcon;
				ASSETCATALOG_COMPILER_GLOBAL_ACCENT_COLOR_NAME = AccentColor;
				CODE_SIGN_STYLE = Automatic;
				CURRENT_PROJECT_VERSION = 1;
				DEVELOPMENT_ASSET_PATHS = "\"Friendface/Preview Content\"";
				DEVELOPMENT_TEAM = RSCWF39P88;
				ENABLE_PREVIEWS = YES;
				GENERATE_INFOPLIST_FILE = YES;
				INFOPLIST_KEY_UIApplicationSceneManifest_Generation = YES;
				INFOPLIST_KEY_UIApplicationSupportsIndirectInputEvents = YES;
				INFOPLIST_KEY_UILaunchScreen_Generation = YES;
				INFOPLIST_KEY_UISupportedInterfaceOrientations_iPad = "UIInterfaceOrientationPortrait UIInterfaceOrientationPortraitUpsideDown UIInterfaceOrientationLandscapeLeft UIInterfaceOrientationLandscapeRight";
				INFOPLIST_KEY_UISupportedInterfaceOrientations_iPhone = "UIInterfaceOrientationPortrait UIInterfaceOrientationLandscapeLeft UIInterfaceOrientationLandscapeRight";
				LD_RUNPATH_SEARCH_PATHS = (
					"$(inherited)",
					"@executable_path/Frameworks",
				);
				MARKETING_VERSION = 1.0;
				PRODUCT_BUNDLE_IDENTIFIER = com.knowselfdaily.Friendface;
				PRODUCT_NAME = "$(TARGET_NAME)";
				SWIFT_EMIT_LOC_STRINGS = YES;
				SWIFT_VERSION = 5.0;
				TARGETED_DEVICE_FAMILY = "1,2";
			};
			name = Debug;
		};
		EEB6253727E2CECB00534720 /* Release */ = {
			isa = XCBuildConfiguration;
			buildSettings = {
				ASSETCATALOG_COMPILER_APPICON_NAME = AppIcon;
				ASSETCATALOG_COMPILER_GLOBAL_ACCENT_COLOR_NAME = AccentColor;
				CODE_SIGN_STYLE = Automatic;
				CURRENT_PROJECT_VERSION = 1;
				DEVELOPMENT_ASSET_PATHS = "\"Friendface/Preview Content\"";
				DEVELOPMENT_TEAM = RSCWF39P88;
				ENABLE_PREVIEWS = YES;
				GENERATE_INFOPLIST_FILE = YES;
				INFOPLIST_KEY_UIApplicationSceneManifest_Generation = YES;
				INFOPLIST_KEY_UIApplicationSupportsIndirectInputEvents = YES;
				INFOPLIST_KEY_UILaunchScreen_Generation = YES;
				INFOPLIST_KEY_UISupportedInterfaceOrientations_iPad = "UIInterfaceOrientationPortrait UIInterfaceOrientationPortraitUpsideDown UIInterfaceOrientationLandscapeLeft UIInterfaceOrientationLandscapeRight";
				INFOPLIST_KEY_UISupportedInterfaceOrientations_iPhone = "UIInterfaceOrientationPortrait UIInterfaceOrientationLandscapeLeft UIInterfaceOrientationLandscapeRight";
				LD_RUNPATH_SEARCH_PATHS = (
					"$(inherited)",
					"@executable_path/Frameworks",
				);
				MARKETING_VERSION = 1.0;
				PRODUCT_BUNDLE_IDENTIFIER = com.knowselfdaily.Friendface;
				PRODUCT_NAME = "$(TARGET_NAME)";
				SWIFT_EMIT_LOC_STRINGS = YES;
				SWIFT_VERSION = 5.0;
				TARGETED_DEVICE_FAMILY = "1,2";
			};
			name = Release;
		};
/* End XCBuildConfiguration section */

/* Begin XCConfigurationList section */
		EEB6252227E2CEC800534720 /* Build configuration list for PBXProject "Friendface" */ = {
			isa = XCConfigurationList;
			buildConfigurations = (
				EEB6253327E2CECB00534720 /* Debug */,
				EEB6253427E2CECB00534720 /* Release */,
			);
			defaultConfigurationIsVisible = 0;
			defaultConfigurationName = Release;
		};
		EEB6253527E2CECB00534720 /* Build configuration list for PBXNativeTarget "Friendface" */ = {
			isa = XCConfigurationList;
			buildConfigurations = (
				EEB6253627E2CECB00534720 /* Debug */,
				EEB6253727E2CECB00534720 /* Release */,
			);
			defaultConfigurationIsVisible = 0;
			defaultConfigurationName = Release;
		};
/* End XCConfigurationList section */

/* Begin XCVersionGroup section */
		EE3A2B7927E3D3BF00F538BE /* Friendface.xcdatamodeld */ = {
			isa = XCVersionGroup;
			children = (
				EE3A2B7A27E3D3BF00F538BE /* Friendface.xcdatamodel */,
			);
			currentVersion = EE3A2B7A27E3D3BF00F538BE /* Friendface.xcdatamodel */;
			path = Friendface.xcdatamodeld;
			sourceTree = "<group>";
			versionGroupType = wrapper.xcdatamodel;
		};
/* End XCVersionGroup section */
	};
	rootObject = EEB6251F27E2CEC800534720 /* Project object */;
}
